github.com/AirArto/hw-2 v0.0.0-20200106060648-46ff652cd375 h1:G7vPELE2E9bJLDMQryRl9W2qAN577LsQvMRQ9dC2bn8=
github.com/AirArto/hw-2 v0.0.0-20200106060648-46ff652cd375/go.mod h1:gy6pSXhpUWYXpDk4yqqPmlbWFuOn2iS4QS0not7V9as=
github.com/AirArto/hw-2 v0.0.0-20200107091109-95279b8c7478 h1:FaMZCUkqyE0FAVPNVKyUKG/CEqQ0+/XCchZjuPfu4kU=
github.com/AirArto/hw-2 v0.0.0-20200107091109-95279b8c7478/go.mod h1:gy6pSXhpUWYXpDk4yqqPmlbWFuOn2iS4QS0not7V9as=
